// !$*UTF8*$!
{
	archiveVersion = 1;
	classes = {
	};
	objectVersion = 48;
	objects = {

/* Begin PBXBuildFile section */
		608539A227D15DA2004EE149 /* QS{{cookiecutter.short_name}}.swift in Sources */ = {isa = PBXBuildFile; fileRef = 608539A127D15DA2004EE149 /* QS{{cookiecutter.short_name}}.swift */; };
		609B1FC727F3C4E00048FFEB /* QS{{cookiecutter.short_name}}Source.m in Sources */ = {isa = PBXBuildFile; fileRef = 609B1FC327F3C4E00048FFEB /* QS{{cookiecutter.short_name}}Source.m */; };
		609B1FC827F3C4E00048FFEB /* QS{{cookiecutter.short_name}}Action.m in Sources */ = {isa = PBXBuildFile; fileRef = 609B1FC427F3C4E00048FFEB /* QS{{cookiecutter.short_name}}Action.m */; };
		D434B7751FC8FFC7007AF9C3 /* Cocoa.framework in Frameworks */ = {isa = PBXBuildFile; fileRef = D434B7741FC8FFC7007AF9C3 /* Cocoa.framework */; };
/* End PBXBuildFile section */

/* Begin PBXFileReference section */
		606D3146289F600F00A76A21 /* QS{{cookiecutter.short_name}}.h */ = {isa = PBXFileReference; fileEncoding = 4; lastKnownFileType = sourcecode.c.h; path = QS{{cookiecutter.short_name}}.h; sourceTree = "<group>"; };
		608539A027D15DA2004EE149 /* QS{{cookiecutter.short_name}}-Bridging-Header.h */ = {isa = PBXFileReference; lastKnownFileType = sourcecode.c.h; path = "QS{{cookiecutter.short_name}}-Bridging-Header.h"; sourceTree = "<group>"; };
		608539A127D15DA2004EE149 /* QS{{cookiecutter.short_name}}.swift */ = {isa = PBXFileReference; lastKnownFileType = sourcecode.swift; path = QS{{cookiecutter.short_name}}.swift; sourceTree = "<group>"; };
		609B1FC327F3C4E00048FFEB /* QS{{cookiecutter.short_name}}Source.m */ = {isa = PBXFileReference; fileEncoding = 4; lastKnownFileType = sourcecode.c.objc; path = QS{{cookiecutter.short_name}}Source.m; sourceTree = "<group>"; };
		609B1FC427F3C4E00048FFEB /* QS{{cookiecutter.short_name}}Action.m */ = {isa = PBXFileReference; fileEncoding = 4; lastKnownFileType = sourcecode.c.objc; path = QS{{cookiecutter.short_name}}Action.m; sourceTree = "<group>"; };
		609B1FC527F3C4E00048FFEB /* QS{{cookiecutter.short_name}}Action.h */ = {isa = PBXFileReference; fileEncoding = 4; lastKnownFileType = sourcecode.c.h; path = QS{{cookiecutter.short_name}}Action.h; sourceTree = "<group>"; };
		609B1FC627F3C4E00048FFEB /* QS{{cookiecutter.short_name}}Source.h */ = {isa = PBXFileReference; fileEncoding = 4; lastKnownFileType = sourcecode.c.h; path = QS{{cookiecutter.short_name}}Source.h; sourceTree = "<group>"; };
		D434B7711FC8FFC7007AF9C3 /* QS{{cookiecutter.short_name}}.qsplugin */ = {isa = PBXFileReference; explicitFileType = wrapper.cfbundle; includeInIndex = 0; path = QS{{cookiecutter.short_name}}.qsplugin; sourceTree = BUILT_PRODUCTS_DIR; };
		D434B7741FC8FFC7007AF9C3 /* Cocoa.framework */ = {isa = PBXFileReference; lastKnownFileType = wrapper.framework; name = Cocoa.framework; path = /System/Library/Frameworks/Cocoa.framework; sourceTree = "<absolute>"; };
		D46888911FC903AC00797047 /* Developer.xcconfig */ = {isa = PBXFileReference; fileEncoding = 4; lastKnownFileType = text.xcconfig; path = Developer.xcconfig; sourceTree = "<group>"; };
		D46888921FC903AC00797047 /* Common.xcconfig */ = {isa = PBXFileReference; fileEncoding = 4; lastKnownFileType = text.xcconfig; path = Common.xcconfig; sourceTree = "<group>"; };
		D46888931FC903AC00797047 /* Debug.xcconfig */ = {isa = PBXFileReference; fileEncoding = 4; lastKnownFileType = text.xcconfig; path = Debug.xcconfig; sourceTree = "<group>"; };
		D46888941FC903AC00797047 /* Release.xcconfig */ = {isa = PBXFileReference; fileEncoding = 4; lastKnownFileType = text.xcconfig; path = Release.xcconfig; sourceTree = "<group>"; };
		D46888951FC903AC00797047 /* Quicksilver.pch */ = {isa = PBXFileReference; fileEncoding = 4; lastKnownFileType = sourcecode.c.h; path = Quicksilver.pch; sourceTree = "<group>"; };
		D46888961FC903AC00797047 /* QSPlugIn.xcconfig */ = {isa = PBXFileReference; fileEncoding = 4; lastKnownFileType = text.xcconfig; path = QSPlugIn.xcconfig; sourceTree = "<group>"; };
		D4EF80261FC9004F0025F5EA /* Info.plist */ = {isa = PBXFileReference; fileEncoding = 4; lastKnownFileType = text.plist.xml; path = Info.plist; sourceTree = "<group>"; };
/* End PBXFileReference section */

/* Begin PBXFrameworksBuildPhase section */
		D434B76E1FC8FFC7007AF9C3 /* Frameworks */ = {
			isa = PBXFrameworksBuildPhase;
			buildActionMask = 2147483647;
			files = (
				D434B7751FC8FFC7007AF9C3 /* Cocoa.framework in Frameworks */,
			);
			runOnlyForDeploymentPostprocessing = 0;
		};
/* End PBXFrameworksBuildPhase section */

/* Begin PBXGroup section */
		D434B7671FC8FFC7007AF9C3 = {
			isa = PBXGroup;
			children = (
				D46888901FC903AC00797047 /* Configuration */,
				D434B7761FC8FFC7007AF9C3 /* QS{{cookiecutter.short_name}} */,
				D434B7731FC8FFC7007AF9C3 /* Frameworks */,
				D434B7721FC8FFC7007AF9C3 /* Products */,
			);
			sourceTree = "<group>";
		};
		D434B7721FC8FFC7007AF9C3 /* Products */ = {
			isa = PBXGroup;
			children = (
				D434B7711FC8FFC7007AF9C3 /* QS{{cookiecutter.short_name}}.qsplugin */,
			);
			name = Products;
			sourceTree = "<group>";
		};
		D434B7731FC8FFC7007AF9C3 /* Frameworks */ = {
			isa = PBXGroup;
			children = (
				D434B7741FC8FFC7007AF9C3 /* Cocoa.framework */,
			);
			name = Frameworks;
			sourceTree = "<group>";
		};
		D434B7761FC8FFC7007AF9C3 /* QS{{cookiecutter.short_name}} */ = {
			isa = PBXGroup;
			children = (
				606D3146289F600F00A76A21 /* QS{{cookiecutter.short_name}}.h */,
				609B1FC527F3C4E00048FFEB /* QS{{cookiecutter.short_name}}Action.h */,
				609B1FC427F3C4E00048FFEB /* QS{{cookiecutter.short_name}}Action.m */,
				609B1FC627F3C4E00048FFEB /* QS{{cookiecutter.short_name}}Source.h */,
				609B1FC327F3C4E00048FFEB /* QS{{cookiecutter.short_name}}Source.m */,
				D4EF80261FC9004F0025F5EA /* Info.plist */,
				608539A127D15DA2004EE149 /* QS{{cookiecutter.short_name}}.swift */,
				608539A027D15DA2004EE149 /* QS{{cookiecutter.short_name}}-Bridging-Header.h */,
			);
			path = QS{{cookiecutter.short_name}};
			sourceTree = "<group>";
		};
		D46888901FC903AC00797047 /* Configuration */ = {
			isa = PBXGroup;
			children = (
				D46888911FC903AC00797047 /* Developer.xcconfig */,
				D46888921FC903AC00797047 /* Common.xcconfig */,
				D46888931FC903AC00797047 /* Debug.xcconfig */,
				D46888941FC903AC00797047 /* Release.xcconfig */,
				D46888951FC903AC00797047 /* Quicksilver.pch */,
				D46888961FC903AC00797047 /* QSPlugIn.xcconfig */,
			);
			name = Configuration;
			path = /private/tmp/QS/Configuration;
			sourceTree = "<absolute>";
		};
/* End PBXGroup section */

/* Begin PBXNativeTarget section */
		D434B7701FC8FFC7007AF9C3 /* QS{{cookiecutter.short_name}} */ = {
			isa = PBXNativeTarget;
			buildConfigurationList = D434B7851FC8FFC7007AF9C3 /* Build configuration list for PBXNativeTarget "QS{{cookiecutter.short_name}}" */;
			buildPhases = (
				D434B76C1FC8FFC7007AF9C3 /* ShellScript */,
				D434B76D1FC8FFC7007AF9C3 /* Sources */,
				D434B76E1FC8FFC7007AF9C3 /* Frameworks */,
				D434B76F1FC8FFC7007AF9C3 /* Resources */,
			);
			buildRules = (
			);
			dependencies = (
			);
			name = QS{{cookiecutter.short_name}};
			productName = QS{{cookiecutter.short_name}};
			productReference = D434B7711FC8FFC7007AF9C3 /* QS{{cookiecutter.short_name}}.qsplugin */;
			productType = "com.apple.product-type.bundle";
		};
/* End PBXNativeTarget section */

/* Begin PBXProject section */
		D434B7681FC8FFC7007AF9C3 /* Project object */ = {
			isa = PBXProject;
			attributes = {
				LastUpgradeCheck = 0910;
				ORGANIZATIONNAME = Quicksilver;
				TargetAttributes = {
					D434B7701FC8FFC7007AF9C3 = {
						CreatedOnToolsVersion = 9.1;
						LastSwiftMigration = 1320;
						ProvisioningStyle = Manual;
					};
				};
			};
			buildConfigurationList = D434B76B1FC8FFC7007AF9C3 /* Build configuration list for PBXProject "QS{{cookiecutter.short_name}}" */;
			compatibilityVersion = "Xcode 8.0";
			developmentRegion = en;
			hasScannedForEncodings = 0;
			knownRegions = (
				en,
			);
			mainGroup = D434B7671FC8FFC7007AF9C3;
			productRefGroup = D434B7721FC8FFC7007AF9C3 /* Products */;
			projectDirPath = "";
			projectRoot = "";
			targets = (
				D434B7701FC8FFC7007AF9C3 /* QS{{cookiecutter.short_name}} */,
			);
		};
/* End PBXProject section */

/* Begin PBXResourcesBuildPhase section */
		D434B76F1FC8FFC7007AF9C3 /* Resources */ = {
			isa = PBXResourcesBuildPhase;
			buildActionMask = 2147483647;
			files = (
			);
			runOnlyForDeploymentPostprocessing = 0;
		};
/* End PBXResourcesBuildPhase section */

/* Begin PBXShellScriptBuildPhase section */
		D434B76C1FC8FFC7007AF9C3 /* ShellScript */ = {
			isa = PBXShellScriptBuildPhase;
			buildActionMask = 2147483647;
			files = (
			);
			inputPaths = (
			);
			outputPaths = (
			);
			runOnlyForDeploymentPostprocessing = 1;
			shellPath = /bin/sh;
			shellScript = "\"$QS_BUILD_ROOT/Tools/bltrversion\"\n";
		};
/* End PBXShellScriptBuildPhase section */

/* Begin PBXSourcesBuildPhase section */
		D434B76D1FC8FFC7007AF9C3 /* Sources */ = {
			isa = PBXSourcesBuildPhase;
			buildActionMask = 2147483647;
			files = (
				609B1FC827F3C4E00048FFEB /* QS{{cookiecutter.short_name}}Action.m in Sources */,
				609B1FC727F3C4E00048FFEB /* QS{{cookiecutter.short_name}}Source.m in Sources */,
				608539A227D15DA2004EE149 /* QS{{cookiecutter.short_name}}.swift in Sources */,
			);
			runOnlyForDeploymentPostprocessing = 0;
		};
/* End PBXSourcesBuildPhase section */

/* Begin XCBuildConfiguration section */
		D434B7831FC8FFC7007AF9C3 /* Debug */ = {
			isa = XCBuildConfiguration;
			baseConfigurationReference = D46888931FC903AC00797047 /* Debug.xcconfig */;
			buildSettings = {
				SWIFT_VERSION = 5.0;
			};
			name = Debug;
		};
		D434B7841FC8FFC7007AF9C3 /* Release */ = {
			isa = XCBuildConfiguration;
			baseConfigurationReference = D46888941FC903AC00797047 /* Release.xcconfig */;
			buildSettings = {
				SWIFT_VERSION = 5.0;
			};
			name = Release;
		};
		D434B7861FC8FFC7007AF9C3 /* Debug */ = {
			isa = XCBuildConfiguration;
			baseConfigurationReference = D46888961FC903AC00797047 /* QSPlugIn.xcconfig */;
			buildSettings = {
				CLANG_ENABLE_MODULES = YES;
				CODE_SIGN_STYLE = Manual;
				DEVELOPMENT_TEAM = "";
				INFOPLIST_FILE = "$(SRCROOT)/QS{{cookiecutter.short_name}}/Info.plist";
				LD_RUNPATH_SEARCH_PATHS = "$(inherited) @executable_path/../Frameworks @loader_path/../Frameworks";
				PRODUCT_NAME = "$(TARGET_NAME)";
				PROVISIONING_PROFILE_SPECIFIER = "";
				SWIFT_OBJC_BRIDGING_HEADER = "QS{{cookiecutter.short_name}}/QS{{cookiecutter.short_name}}-Bridging-Header.h";
				SWIFT_VERSION = 5.0;
			};
			name = Debug;
		};
		D434B7871FC8FFC7007AF9C3 /* Release */ = {
			isa = XCBuildConfiguration;
			baseConfigurationReference = D46888961FC903AC00797047 /* QSPlugIn.xcconfig */;
			buildSettings = {
				CLANG_ENABLE_MODULES = YES;
				CODE_SIGN_STYLE = Manual;
				DEVELOPMENT_TEAM = "";
				INFOPLIST_FILE = "$(SRCROOT)/QS{{cookiecutter.short_name}}/Info.plist";
				LD_RUNPATH_SEARCH_PATHS = "$(inherited) @executable_path/../Frameworks @loader_path/../Frameworks";
				PRODUCT_NAME = "$(TARGET_NAME)";
				PROVISIONING_PROFILE_SPECIFIER = "";
				SWIFT_OBJC_BRIDGING_HEADER = "QS{{cookiecutter.short_name}}/QS{{cookiecutter.short_name}}-Bridging-Header.h";
				SWIFT_VERSION = 5.0;
			};
			name = Release;
		};
/* End XCBuildConfiguration section */

/* Begin XCConfigurationList section */
		D434B76B1FC8FFC7007AF9C3 /* Build configuration list for PBXProject "QS{{cookiecutter.short_name}}" */ = {
			isa = XCConfigurationList;
			buildConfigurations = (
				D434B7831FC8FFC7007AF9C3 /* Debug */,
				D434B7841FC8FFC7007AF9C3 /* Release */,
			);
			defaultConfigurationIsVisible = 0;
			defaultConfigurationName = Release;
		};
		D434B7851FC8FFC7007AF9C3 /* Build configuration list for PBXNativeTarget "QS{{cookiecutter.short_name}}" */ = {
			isa = XCConfigurationList;
			buildConfigurations = (
				D434B7861FC8FFC7007AF9C3 /* Debug */,
				D434B7871FC8FFC7007AF9C3 /* Release */,
			);
			defaultConfigurationIsVisible = 0;
			defaultConfigurationName = Release;
		};
/* End XCConfigurationList section */
	};
	rootObject = D434B7681FC8FFC7007AF9C3 /* Project object */;
}
